// !$*UTF8*$!
{
	archiveVersion = 1;
	classes = {
	};
	objectVersion = 56;
	objects = {

/* Begin PBXBuildFile section */
		26B671F2111E4AB825E74C73 /* Pods_Stocks_StocksUITests.framework in Frameworks */ = {isa = PBXBuildFile; fileRef = 97B6E3B426A52E7866A8FEB8 /* Pods_Stocks_StocksUITests.framework */; };
		2F91D6B4B499FAE5FF971345 /* Pods_StocksTests.framework in Frameworks */ = {isa = PBXBuildFile; fileRef = 6197A8053F24408C1BFB4C09 /* Pods_StocksTests.framework */; };
		53CAA73D2A68A2860004548B /* Stocks.xcdatamodeld in Sources */ = {isa = PBXBuildFile; fileRef = 53CAA73B2A68A2860004548B /* Stocks.xcdatamodeld */; };
		53CAA73F2A68A2890004548B /* Assets.xcassets in Resources */ = {isa = PBXBuildFile; fileRef = 53CAA73E2A68A2890004548B /* Assets.xcassets */; };
		53CAA7422A68A2890004548B /* LaunchScreen.storyboard in Resources */ = {isa = PBXBuildFile; fileRef = 53CAA7402A68A2890004548B /* LaunchScreen.storyboard */; };
		53CAA74D2A68A2890004548B /* StocksTests.swift in Sources */ = {isa = PBXBuildFile; fileRef = 53CAA74C2A68A2890004548B /* StocksTests.swift */; };
		53CAA7572A68A2890004548B /* StocksUITests.swift in Sources */ = {isa = PBXBuildFile; fileRef = 53CAA7562A68A2890004548B /* StocksUITests.swift */; };
		53CAA7592A68A2890004548B /* StocksUITestsLaunchTests.swift in Sources */ = {isa = PBXBuildFile; fileRef = 53CAA7582A68A2890004548B /* StocksUITestsLaunchTests.swift */; };
		53D627F22A68A94E00910AEF /* HomeViewModel.swift in Sources */ = {isa = PBXBuildFile; fileRef = 53D627F12A68A94E00910AEF /* HomeViewModel.swift */; };
		53D627F42A68A97800910AEF /* HomeViewController.swift in Sources */ = {isa = PBXBuildFile; fileRef = 53D627F32A68A97800910AEF /* HomeViewController.swift */; };
		53D627FE2A68AAEE00910AEF /* AppCoordinator.swift in Sources */ = {isa = PBXBuildFile; fileRef = 53D627FD2A68AAEE00910AEF /* AppCoordinator.swift */; };
		53D628052A68AE3C00910AEF /* BindableType.swift in Sources */ = {isa = PBXBuildFile; fileRef = 53D628042A68AE3C00910AEF /* BindableType.swift */; };
		53D628082A68AE9300910AEF /* Transition.swift in Sources */ = {isa = PBXBuildFile; fileRef = 53D628072A68AE9300910AEF /* Transition.swift */; };
		53D6280A2A68AEAF00910AEF /* Animation.swift in Sources */ = {isa = PBXBuildFile; fileRef = 53D628092A68AEAF00910AEF /* Animation.swift */; };
		53D6280C2A68B36A00910AEF /* HomeTabCoordinator.swift in Sources */ = {isa = PBXBuildFile; fileRef = 53D6280B2A68B36A00910AEF /* HomeTabCoordinator.swift */; };
		53D6280E2A68B63500910AEF /* AppDelegate.swift in Sources */ = {isa = PBXBuildFile; fileRef = 53D6280D2A68B63500910AEF /* AppDelegate.swift */; };
		53D628122A68BAA400910AEF /* SettingsCoordinator.swift in Sources */ = {isa = PBXBuildFile; fileRef = 53D628112A68BAA400910AEF /* SettingsCoordinator.swift */; };
		53D628152A68BB2200910AEF /* SettingsViewController.swift in Sources */ = {isa = PBXBuildFile; fileRef = 53D628142A68BB2200910AEF /* SettingsViewController.swift */; };
		53D628172A68BBC500910AEF /* WatchlistCoordinator.swift in Sources */ = {isa = PBXBuildFile; fileRef = 53D628162A68BBC500910AEF /* WatchlistCoordinator.swift */; };
		E10E92AA6EB713F64D4CB413 /* Pods_Stocks.framework in Frameworks */ = {isa = PBXBuildFile; fileRef = AFA8A3DB8E77CE5EABF12F0F /* Pods_Stocks.framework */; };
/* End PBXBuildFile section */

/* Begin PBXContainerItemProxy section */
		53CAA7492A68A2890004548B /* PBXContainerItemProxy */ = {
			isa = PBXContainerItemProxy;
			containerPortal = 53CAA7272A68A2860004548B /* Project object */;
			proxyType = 1;
			remoteGlobalIDString = 53CAA72E2A68A2860004548B;
			remoteInfo = Stocks;
		};
		53CAA7532A68A2890004548B /* PBXContainerItemProxy */ = {
			isa = PBXContainerItemProxy;
			containerPortal = 53CAA7272A68A2860004548B /* Project object */;
			proxyType = 1;
			remoteGlobalIDString = 53CAA72E2A68A2860004548B;
			remoteInfo = Stocks;
		};
/* End PBXContainerItemProxy section */

/* Begin PBXFileReference section */
		0A053825EFADDC5A827284C2 /* Pods-Stocks.debug.xcconfig */ = {isa = PBXFileReference; includeInIndex = 1; lastKnownFileType = text.xcconfig; name = "Pods-Stocks.debug.xcconfig"; path = "Target Support Files/Pods-Stocks/Pods-Stocks.debug.xcconfig"; sourceTree = "<group>"; };
		53CAA72F2A68A2860004548B /* Stocks.app */ = {isa = PBXFileReference; explicitFileType = wrapper.application; includeInIndex = 0; path = Stocks.app; sourceTree = BUILT_PRODUCTS_DIR; };
		53CAA73C2A68A2860004548B /* Stocks.xcdatamodel */ = {isa = PBXFileReference; lastKnownFileType = wrapper.xcdatamodel; path = Stocks.xcdatamodel; sourceTree = "<group>"; };
		53CAA73E2A68A2890004548B /* Assets.xcassets */ = {isa = PBXFileReference; lastKnownFileType = folder.assetcatalog; path = Assets.xcassets; sourceTree = "<group>"; };
		53CAA7412A68A2890004548B /* Base */ = {isa = PBXFileReference; lastKnownFileType = file.storyboard; name = Base; path = Base.lproj/LaunchScreen.storyboard; sourceTree = "<group>"; };
		53CAA7432A68A2890004548B /* Info.plist */ = {isa = PBXFileReference; lastKnownFileType = text.plist.xml; path = Info.plist; sourceTree = "<group>"; };
		53CAA7482A68A2890004548B /* StocksTests.xctest */ = {isa = PBXFileReference; explicitFileType = wrapper.cfbundle; includeInIndex = 0; path = StocksTests.xctest; sourceTree = BUILT_PRODUCTS_DIR; };
		53CAA74C2A68A2890004548B /* StocksTests.swift */ = {isa = PBXFileReference; lastKnownFileType = sourcecode.swift; path = StocksTests.swift; sourceTree = "<group>"; };
		53CAA7522A68A2890004548B /* StocksUITests.xctest */ = {isa = PBXFileReference; explicitFileType = wrapper.cfbundle; includeInIndex = 0; path = StocksUITests.xctest; sourceTree = BUILT_PRODUCTS_DIR; };
		53CAA7562A68A2890004548B /* StocksUITests.swift */ = {isa = PBXFileReference; lastKnownFileType = sourcecode.swift; path = StocksUITests.swift; sourceTree = "<group>"; };
		53CAA7582A68A2890004548B /* StocksUITestsLaunchTests.swift */ = {isa = PBXFileReference; lastKnownFileType = sourcecode.swift; path = StocksUITestsLaunchTests.swift; sourceTree = "<group>"; };
		53D627F12A68A94E00910AEF /* HomeViewModel.swift */ = {isa = PBXFileReference; lastKnownFileType = sourcecode.swift; path = HomeViewModel.swift; sourceTree = "<group>"; };
		53D627F32A68A97800910AEF /* HomeViewController.swift */ = {isa = PBXFileReference; lastKnownFileType = sourcecode.swift; path = HomeViewController.swift; sourceTree = "<group>"; };
		53D627FD2A68AAEE00910AEF /* AppCoordinator.swift */ = {isa = PBXFileReference; lastKnownFileType = sourcecode.swift; path = AppCoordinator.swift; sourceTree = "<group>"; };
		53D628042A68AE3C00910AEF /* BindableType.swift */ = {isa = PBXFileReference; lastKnownFileType = sourcecode.swift; path = BindableType.swift; sourceTree = "<group>"; };
		53D628072A68AE9300910AEF /* Transition.swift */ = {isa = PBXFileReference; lastKnownFileType = sourcecode.swift; path = Transition.swift; sourceTree = "<group>"; };
		53D628092A68AEAF00910AEF /* Animation.swift */ = {isa = PBXFileReference; lastKnownFileType = sourcecode.swift; path = Animation.swift; sourceTree = "<group>"; };
		53D6280B2A68B36A00910AEF /* HomeTabCoordinator.swift */ = {isa = PBXFileReference; lastKnownFileType = sourcecode.swift; path = HomeTabCoordinator.swift; sourceTree = "<group>"; };
		53D6280D2A68B63500910AEF /* AppDelegate.swift */ = {isa = PBXFileReference; lastKnownFileType = sourcecode.swift; path = AppDelegate.swift; sourceTree = "<group>"; };
		53D628112A68BAA400910AEF /* SettingsCoordinator.swift */ = {isa = PBXFileReference; lastKnownFileType = sourcecode.swift; path = SettingsCoordinator.swift; sourceTree = "<group>"; };
		53D628142A68BB2200910AEF /* SettingsViewController.swift */ = {isa = PBXFileReference; lastKnownFileType = sourcecode.swift; path = SettingsViewController.swift; sourceTree = "<group>"; };
		53D628162A68BBC500910AEF /* WatchlistCoordinator.swift */ = {isa = PBXFileReference; lastKnownFileType = sourcecode.swift; path = WatchlistCoordinator.swift; sourceTree = "<group>"; };
		5EC71BF935FDAB2EEF92D0FE /* Pods-Stocks.release.xcconfig */ = {isa = PBXFileReference; includeInIndex = 1; lastKnownFileType = text.xcconfig; name = "Pods-Stocks.release.xcconfig"; path = "Target Support Files/Pods-Stocks/Pods-Stocks.release.xcconfig"; sourceTree = "<group>"; };
		6197A8053F24408C1BFB4C09 /* Pods_StocksTests.framework */ = {isa = PBXFileReference; explicitFileType = wrapper.framework; includeInIndex = 0; path = Pods_StocksTests.framework; sourceTree = BUILT_PRODUCTS_DIR; };
		72DE8527DB3D637973C0385E /* Pods-Stocks-StocksUITests.release.xcconfig */ = {isa = PBXFileReference; includeInIndex = 1; lastKnownFileType = text.xcconfig; name = "Pods-Stocks-StocksUITests.release.xcconfig"; path = "Target Support Files/Pods-Stocks-StocksUITests/Pods-Stocks-StocksUITests.release.xcconfig"; sourceTree = "<group>"; };
		8FE9E827E00FD3B32C01A690 /* Pods-StocksTests.debug.xcconfig */ = {isa = PBXFileReference; includeInIndex = 1; lastKnownFileType = text.xcconfig; name = "Pods-StocksTests.debug.xcconfig"; path = "Target Support Files/Pods-StocksTests/Pods-StocksTests.debug.xcconfig"; sourceTree = "<group>"; };
		97B6E3B426A52E7866A8FEB8 /* Pods_Stocks_StocksUITests.framework */ = {isa = PBXFileReference; explicitFileType = wrapper.framework; includeInIndex = 0; path = Pods_Stocks_StocksUITests.framework; sourceTree = BUILT_PRODUCTS_DIR; };
		9C0F5A49C78BE2611A014923 /* Pods-Stocks-StocksUITests.debug.xcconfig */ = {isa = PBXFileReference; includeInIndex = 1; lastKnownFileType = text.xcconfig; name = "Pods-Stocks-StocksUITests.debug.xcconfig"; path = "Target Support Files/Pods-Stocks-StocksUITests/Pods-Stocks-StocksUITests.debug.xcconfig"; sourceTree = "<group>"; };
		AFA8A3DB8E77CE5EABF12F0F /* Pods_Stocks.framework */ = {isa = PBXFileReference; explicitFileType = wrapper.framework; includeInIndex = 0; path = Pods_Stocks.framework; sourceTree = BUILT_PRODUCTS_DIR; };
		BF307495F83063B1B0495193 /* Pods-StocksTests.release.xcconfig */ = {isa = PBXFileReference; includeInIndex = 1; lastKnownFileType = text.xcconfig; name = "Pods-StocksTests.release.xcconfig"; path = "Target Support Files/Pods-StocksTests/Pods-StocksTests.release.xcconfig"; sourceTree = "<group>"; };
/* End PBXFileReference section */

/* Begin PBXFrameworksBuildPhase section */
		53CAA72C2A68A2860004548B /* Frameworks */ = {
			isa = PBXFrameworksBuildPhase;
			buildActionMask = 2147483647;
			files = (
				E10E92AA6EB713F64D4CB413 /* Pods_Stocks.framework in Frameworks */,
			);
			runOnlyForDeploymentPostprocessing = 0;
		};
		53CAA7452A68A2890004548B /* Frameworks */ = {
			isa = PBXFrameworksBuildPhase;
			buildActionMask = 2147483647;
			files = (
				2F91D6B4B499FAE5FF971345 /* Pods_StocksTests.framework in Frameworks */,
			);
			runOnlyForDeploymentPostprocessing = 0;
		};
		53CAA74F2A68A2890004548B /* Frameworks */ = {
			isa = PBXFrameworksBuildPhase;
			buildActionMask = 2147483647;
			files = (
				26B671F2111E4AB825E74C73 /* Pods_Stocks_StocksUITests.framework in Frameworks */,
			);
			runOnlyForDeploymentPostprocessing = 0;
		};
/* End PBXFrameworksBuildPhase section */

/* Begin PBXGroup section */
		53CAA7262A68A2860004548B = {
			isa = PBXGroup;
			children = (
				53CAA7312A68A2860004548B /* Stocks */,
				53CAA74B2A68A2890004548B /* StocksTests */,
				53CAA7552A68A2890004548B /* StocksUITests */,
				53CAA7302A68A2860004548B /* Products */,
				9A686431B4F9733B52361349 /* Pods */,
				CDEA497E8F53A143059D3721 /* Frameworks */,
			);
			sourceTree = "<group>";
		};
		53CAA7302A68A2860004548B /* Products */ = {
			isa = PBXGroup;
			children = (
				53CAA72F2A68A2860004548B /* Stocks.app */,
				53CAA7482A68A2890004548B /* StocksTests.xctest */,
				53CAA7522A68A2890004548B /* StocksUITests.xctest */,
			);
			name = Products;
			sourceTree = "<group>";
		};
		53CAA7312A68A2860004548B /* Stocks */ = {
			isa = PBXGroup;
			children = (
				53CAA7432A68A2890004548B /* Info.plist */,
				53D627ED2A68A90B00910AEF /* Common Files */,
				53D627FC2A68AAD500910AEF /* Coordinators */,
				53D627EE2A68A92100910AEF /* Screens */,
				53D628032A68AE3100910AEF /* Utilities */,
				53D628062A68AE8700910AEF /* Extensions */,
			);
			path = Stocks;
			sourceTree = "<group>";
		};
		53CAA74B2A68A2890004548B /* StocksTests */ = {
			isa = PBXGroup;
			children = (
				53CAA74C2A68A2890004548B /* StocksTests.swift */,
			);
			path = StocksTests;
			sourceTree = "<group>";
		};
		53CAA7552A68A2890004548B /* StocksUITests */ = {
			isa = PBXGroup;
			children = (
				53CAA7562A68A2890004548B /* StocksUITests.swift */,
				53CAA7582A68A2890004548B /* StocksUITestsLaunchTests.swift */,
			);
			path = StocksUITests;
			sourceTree = "<group>";
		};
		53D627ED2A68A90B00910AEF /* Common Files */ = {
			isa = PBXGroup;
			children = (
				53D6280D2A68B63500910AEF /* AppDelegate.swift */,
				53CAA73E2A68A2890004548B /* Assets.xcassets */,
				53CAA7402A68A2890004548B /* LaunchScreen.storyboard */,
				53CAA73B2A68A2860004548B /* Stocks.xcdatamodeld */,
			);
			path = "Common Files";
			sourceTree = "<group>";
		};
		53D627EE2A68A92100910AEF /* Screens */ = {
			isa = PBXGroup;
			children = (
				53D628132A68BB1500910AEF /* Settings */,
				53D627EF2A68A92E00910AEF /* Home */,
			);
			path = Screens;
			sourceTree = "<group>";
		};
		53D627EF2A68A92E00910AEF /* Home */ = {
			isa = PBXGroup;
			children = (
				53D627F12A68A94E00910AEF /* HomeViewModel.swift */,
				53D627F32A68A97800910AEF /* HomeViewController.swift */,
			);
			path = Home;
			sourceTree = "<group>";
		};
		53D627FC2A68AAD500910AEF /* Coordinators */ = {
			isa = PBXGroup;
			children = (
				53D627FD2A68AAEE00910AEF /* AppCoordinator.swift */,
				53D6280B2A68B36A00910AEF /* HomeTabCoordinator.swift */,
				53D628162A68BBC500910AEF /* WatchlistCoordinator.swift */,
				53D628112A68BAA400910AEF /* SettingsCoordinator.swift */,
			);
			path = Coordinators;
			sourceTree = "<group>";
		};
		53D628032A68AE3100910AEF /* Utilities */ = {
			isa = PBXGroup;
			children = (
				53D628042A68AE3C00910AEF /* BindableType.swift */,
			);
			path = Utilities;
			sourceTree = "<group>";
		};
		53D628062A68AE8700910AEF /* Extensions */ = {
			isa = PBXGroup;
			children = (
				53D628072A68AE9300910AEF /* Transition.swift */,
				53D628092A68AEAF00910AEF /* Animation.swift */,
			);
			path = Extensions;
			sourceTree = "<group>";
		};
		53D628132A68BB1500910AEF /* Settings */ = {
			isa = PBXGroup;
			children = (
				53D628142A68BB2200910AEF /* SettingsViewController.swift */,
			);
			path = Settings;
			sourceTree = "<group>";
		};
		9A686431B4F9733B52361349 /* Pods */ = {
			isa = PBXGroup;
			children = (
				0A053825EFADDC5A827284C2 /* Pods-Stocks.debug.xcconfig */,
				5EC71BF935FDAB2EEF92D0FE /* Pods-Stocks.release.xcconfig */,
				9C0F5A49C78BE2611A014923 /* Pods-Stocks-StocksUITests.debug.xcconfig */,
				72DE8527DB3D637973C0385E /* Pods-Stocks-StocksUITests.release.xcconfig */,
				8FE9E827E00FD3B32C01A690 /* Pods-StocksTests.debug.xcconfig */,
				BF307495F83063B1B0495193 /* Pods-StocksTests.release.xcconfig */,
			);
			path = Pods;
			sourceTree = "<group>";
		};
		CDEA497E8F53A143059D3721 /* Frameworks */ = {
			isa = PBXGroup;
			children = (
				AFA8A3DB8E77CE5EABF12F0F /* Pods_Stocks.framework */,
				97B6E3B426A52E7866A8FEB8 /* Pods_Stocks_StocksUITests.framework */,
				6197A8053F24408C1BFB4C09 /* Pods_StocksTests.framework */,
			);
			name = Frameworks;
			sourceTree = "<group>";
		};
/* End PBXGroup section */

/* Begin PBXNativeTarget section */
		53CAA72E2A68A2860004548B /* Stocks */ = {
			isa = PBXNativeTarget;
			buildConfigurationList = 53CAA75C2A68A2890004548B /* Build configuration list for PBXNativeTarget "Stocks" */;
			buildPhases = (
				303B10574B32BEFFC9161A8B /* [CP] Check Pods Manifest.lock */,
				53CAA72B2A68A2860004548B /* Sources */,
				53CAA72C2A68A2860004548B /* Frameworks */,
				53CAA72D2A68A2860004548B /* Resources */,
				5ECC41EEB1E8A1D54DD10E88 /* [CP] Embed Pods Frameworks */,
			);
			buildRules = (
			);
			dependencies = (
			);
			name = Stocks;
			productName = Stocks;
			productReference = 53CAA72F2A68A2860004548B /* Stocks.app */;
			productType = "com.apple.product-type.application";
		};
		53CAA7472A68A2890004548B /* StocksTests */ = {
			isa = PBXNativeTarget;
			buildConfigurationList = 53CAA75F2A68A2890004548B /* Build configuration list for PBXNativeTarget "StocksTests" */;
			buildPhases = (
				D89BFA43E41630DBCEEE6944 /* [CP] Check Pods Manifest.lock */,
				53CAA7442A68A2890004548B /* Sources */,
				53CAA7452A68A2890004548B /* Frameworks */,
				53CAA7462A68A2890004548B /* Resources */,
			);
			buildRules = (
			);
			dependencies = (
				53CAA74A2A68A2890004548B /* PBXTargetDependency */,
			);
			name = StocksTests;
			productName = StocksTests;
			productReference = 53CAA7482A68A2890004548B /* StocksTests.xctest */;
			productType = "com.apple.product-type.bundle.unit-test";
		};
		53CAA7512A68A2890004548B /* StocksUITests */ = {
			isa = PBXNativeTarget;
			buildConfigurationList = 53CAA7622A68A2890004548B /* Build configuration list for PBXNativeTarget "StocksUITests" */;
			buildPhases = (
				AF9578CC2425FEAE51B36B27 /* [CP] Check Pods Manifest.lock */,
				53CAA74E2A68A2890004548B /* Sources */,
				53CAA74F2A68A2890004548B /* Frameworks */,
				53CAA7502A68A2890004548B /* Resources */,
				DD2442A9AD75D525632C3272 /* [CP] Embed Pods Frameworks */,
			);
			buildRules = (
			);
			dependencies = (
				53CAA7542A68A2890004548B /* PBXTargetDependency */,
			);
			name = StocksUITests;
			productName = StocksUITests;
			productReference = 53CAA7522A68A2890004548B /* StocksUITests.xctest */;
			productType = "com.apple.product-type.bundle.ui-testing";
		};
/* End PBXNativeTarget section */

/* Begin PBXProject section */
		53CAA7272A68A2860004548B /* Project object */ = {
			isa = PBXProject;
			attributes = {
				BuildIndependentTargetsInParallel = 1;
				LastSwiftUpdateCheck = 1500;
				LastUpgradeCheck = 1500;
				TargetAttributes = {
					53CAA72E2A68A2860004548B = {
						CreatedOnToolsVersion = 15.0;
					};
					53CAA7472A68A2890004548B = {
						CreatedOnToolsVersion = 15.0;
						TestTargetID = 53CAA72E2A68A2860004548B;
					};
					53CAA7512A68A2890004548B = {
						CreatedOnToolsVersion = 15.0;
						TestTargetID = 53CAA72E2A68A2860004548B;
					};
				};
			};
			buildConfigurationList = 53CAA72A2A68A2860004548B /* Build configuration list for PBXProject "Stocks" */;
			compatibilityVersion = "Xcode 14.0";
			developmentRegion = en;
			hasScannedForEncodings = 0;
			knownRegions = (
				en,
				Base,
			);
			mainGroup = 53CAA7262A68A2860004548B;
			productRefGroup = 53CAA7302A68A2860004548B /* Products */;
			projectDirPath = "";
			projectRoot = "";
			targets = (
				53CAA72E2A68A2860004548B /* Stocks */,
				53CAA7472A68A2890004548B /* StocksTests */,
				53CAA7512A68A2890004548B /* StocksUITests */,
			);
		};
/* End PBXProject section */

/* Begin PBXResourcesBuildPhase section */
		53CAA72D2A68A2860004548B /* Resources */ = {
			isa = PBXResourcesBuildPhase;
			buildActionMask = 2147483647;
			files = (
				53CAA7422A68A2890004548B /* LaunchScreen.storyboard in Resources */,
				53CAA73F2A68A2890004548B /* Assets.xcassets in Resources */,
			);
			runOnlyForDeploymentPostprocessing = 0;
		};
		53CAA7462A68A2890004548B /* Resources */ = {
			isa = PBXResourcesBuildPhase;
			buildActionMask = 2147483647;
			files = (
			);
			runOnlyForDeploymentPostprocessing = 0;
		};
		53CAA7502A68A2890004548B /* Resources */ = {
			isa = PBXResourcesBuildPhase;
			buildActionMask = 2147483647;
			files = (
			);
			runOnlyForDeploymentPostprocessing = 0;
		};
/* End PBXResourcesBuildPhase section */

/* Begin PBXShellScriptBuildPhase section */
		303B10574B32BEFFC9161A8B /* [CP] Check Pods Manifest.lock */ = {
			isa = PBXShellScriptBuildPhase;
			buildActionMask = 2147483647;
			files = (
			);
			inputFileListPaths = (
			);
			inputPaths = (
				"${PODS_PODFILE_DIR_PATH}/Podfile.lock",
				"${PODS_ROOT}/Manifest.lock",
			);
			name = "[CP] Check Pods Manifest.lock";
			outputFileListPaths = (
			);
			outputPaths = (
				"$(DERIVED_FILE_DIR)/Pods-Stocks-checkManifestLockResult.txt",
			);
			runOnlyForDeploymentPostprocessing = 0;
			shellPath = /bin/sh;
			shellScript = "diff \"${PODS_PODFILE_DIR_PATH}/Podfile.lock\" \"${PODS_ROOT}/Manifest.lock\" > /dev/null\nif [ $? != 0 ] ; then\n    # print error to STDERR\n    echo \"error: The sandbox is not in sync with the Podfile.lock. Run 'pod install' or update your CocoaPods installation.\" >&2\n    exit 1\nfi\n# This output is used by Xcode 'outputs' to avoid re-running this script phase.\necho \"SUCCESS\" > \"${SCRIPT_OUTPUT_FILE_0}\"\n";
			showEnvVarsInLog = 0;
		};
		5ECC41EEB1E8A1D54DD10E88 /* [CP] Embed Pods Frameworks */ = {
			isa = PBXShellScriptBuildPhase;
			buildActionMask = 2147483647;
			files = (
			);
			inputFileListPaths = (
				"${PODS_ROOT}/Target Support Files/Pods-Stocks/Pods-Stocks-frameworks-${CONFIGURATION}-input-files.xcfilelist",
			);
			name = "[CP] Embed Pods Frameworks";
			outputFileListPaths = (
				"${PODS_ROOT}/Target Support Files/Pods-Stocks/Pods-Stocks-frameworks-${CONFIGURATION}-output-files.xcfilelist",
			);
			runOnlyForDeploymentPostprocessing = 0;
			shellPath = /bin/sh;
			shellScript = "\"${PODS_ROOT}/Target Support Files/Pods-Stocks/Pods-Stocks-frameworks.sh\"\n";
			showEnvVarsInLog = 0;
		};
		AF9578CC2425FEAE51B36B27 /* [CP] Check Pods Manifest.lock */ = {
			isa = PBXShellScriptBuildPhase;
			buildActionMask = 2147483647;
			files = (
			);
			inputFileListPaths = (
			);
			inputPaths = (
				"${PODS_PODFILE_DIR_PATH}/Podfile.lock",
				"${PODS_ROOT}/Manifest.lock",
			);
			name = "[CP] Check Pods Manifest.lock";
			outputFileListPaths = (
			);
			outputPaths = (
				"$(DERIVED_FILE_DIR)/Pods-Stocks-StocksUITests-checkManifestLockResult.txt",
			);
			runOnlyForDeploymentPostprocessing = 0;
			shellPath = /bin/sh;
			shellScript = "diff \"${PODS_PODFILE_DIR_PATH}/Podfile.lock\" \"${PODS_ROOT}/Manifest.lock\" > /dev/null\nif [ $? != 0 ] ; then\n    # print error to STDERR\n    echo \"error: The sandbox is not in sync with the Podfile.lock. Run 'pod install' or update your CocoaPods installation.\" >&2\n    exit 1\nfi\n# This output is used by Xcode 'outputs' to avoid re-running this script phase.\necho \"SUCCESS\" > \"${SCRIPT_OUTPUT_FILE_0}\"\n";
			showEnvVarsInLog = 0;
		};
		D89BFA43E41630DBCEEE6944 /* [CP] Check Pods Manifest.lock */ = {
			isa = PBXShellScriptBuildPhase;
			buildActionMask = 2147483647;
			files = (
			);
			inputFileListPaths = (
			);
			inputPaths = (
				"${PODS_PODFILE_DIR_PATH}/Podfile.lock",
				"${PODS_ROOT}/Manifest.lock",
			);
			name = "[CP] Check Pods Manifest.lock";
			outputFileListPaths = (
			);
			outputPaths = (
				"$(DERIVED_FILE_DIR)/Pods-StocksTests-checkManifestLockResult.txt",
			);
			runOnlyForDeploymentPostprocessing = 0;
			shellPath = /bin/sh;
			shellScript = "diff \"${PODS_PODFILE_DIR_PATH}/Podfile.lock\" \"${PODS_ROOT}/Manifest.lock\" > /dev/null\nif [ $? != 0 ] ; then\n    # print error to STDERR\n    echo \"error: The sandbox is not in sync with the Podfile.lock. Run 'pod install' or update your CocoaPods installation.\" >&2\n    exit 1\nfi\n# This output is used by Xcode 'outputs' to avoid re-running this script phase.\necho \"SUCCESS\" > \"${SCRIPT_OUTPUT_FILE_0}\"\n";
			showEnvVarsInLog = 0;
		};
		DD2442A9AD75D525632C3272 /* [CP] Embed Pods Frameworks */ = {
			isa = PBXShellScriptBuildPhase;
			buildActionMask = 2147483647;
			files = (
			);
			inputFileListPaths = (
				"${PODS_ROOT}/Target Support Files/Pods-Stocks-StocksUITests/Pods-Stocks-StocksUITests-frameworks-${CONFIGURATION}-input-files.xcfilelist",
			);
			name = "[CP] Embed Pods Frameworks";
			outputFileListPaths = (
				"${PODS_ROOT}/Target Support Files/Pods-Stocks-StocksUITests/Pods-Stocks-StocksUITests-frameworks-${CONFIGURATION}-output-files.xcfilelist",
			);
			runOnlyForDeploymentPostprocessing = 0;
			shellPath = /bin/sh;
			shellScript = "\"${PODS_ROOT}/Target Support Files/Pods-Stocks-StocksUITests/Pods-Stocks-StocksUITests-frameworks.sh\"\n";
			showEnvVarsInLog = 0;
		};
/* End PBXShellScriptBuildPhase section */

/* Begin PBXSourcesBuildPhase section */
		53CAA72B2A68A2860004548B /* Sources */ = {
			isa = PBXSourcesBuildPhase;
			buildActionMask = 2147483647;
			files = (
				53D6280A2A68AEAF00910AEF /* Animation.swift in Sources */,
				53D628082A68AE9300910AEF /* Transition.swift in Sources */,
				53D628152A68BB2200910AEF /* SettingsViewController.swift in Sources */,
				53D628052A68AE3C00910AEF /* BindableType.swift in Sources */,
				53D627FE2A68AAEE00910AEF /* AppCoordinator.swift in Sources */,
				53D627F42A68A97800910AEF /* HomeViewController.swift in Sources */,
				53D628122A68BAA400910AEF /* SettingsCoordinator.swift in Sources */,
				53CAA73D2A68A2860004548B /* Stocks.xcdatamodeld in Sources */,
				53D628172A68BBC500910AEF /* WatchlistCoordinator.swift in Sources */,
				53D6280C2A68B36A00910AEF /* HomeTabCoordinator.swift in Sources */,
				53D6280E2A68B63500910AEF /* AppDelegate.swift in Sources */,
				53D627F22A68A94E00910AEF /* HomeViewModel.swift in Sources */,
			);
			runOnlyForDeploymentPostprocessing = 0;
		};
		53CAA7442A68A2890004548B /* Sources */ = {
			isa = PBXSourcesBuildPhase;
			buildActionMask = 2147483647;
			files = (
				53CAA74D2A68A2890004548B /* StocksTests.swift in Sources */,
			);
			runOnlyForDeploymentPostprocessing = 0;
		};
		53CAA74E2A68A2890004548B /* Sources */ = {
			isa = PBXSourcesBuildPhase;
			buildActionMask = 2147483647;
			files = (
				53CAA7572A68A2890004548B /* StocksUITests.swift in Sources */,
				53CAA7592A68A2890004548B /* StocksUITestsLaunchTests.swift in Sources */,
			);
			runOnlyForDeploymentPostprocessing = 0;
		};
/* End PBXSourcesBuildPhase section */

/* Begin PBXTargetDependency section */
		53CAA74A2A68A2890004548B /* PBXTargetDependency */ = {
			isa = PBXTargetDependency;
			target = 53CAA72E2A68A2860004548B /* Stocks */;
			targetProxy = 53CAA7492A68A2890004548B /* PBXContainerItemProxy */;
		};
		53CAA7542A68A2890004548B /* PBXTargetDependency */ = {
			isa = PBXTargetDependency;
			target = 53CAA72E2A68A2860004548B /* Stocks */;
			targetProxy = 53CAA7532A68A2890004548B /* PBXContainerItemProxy */;
		};
/* End PBXTargetDependency section */

/* Begin PBXVariantGroup section */
		53CAA7402A68A2890004548B /* LaunchScreen.storyboard */ = {
			isa = PBXVariantGroup;
			children = (
				53CAA7412A68A2890004548B /* Base */,
			);
			name = LaunchScreen.storyboard;
			sourceTree = "<group>";
		};
/* End PBXVariantGroup section */

/* Begin XCBuildConfiguration section */
		53CAA75A2A68A2890004548B /* Debug */ = {
			isa = XCBuildConfiguration;
			buildSettings = {
				ALWAYS_SEARCH_USER_PATHS = NO;
				ASSETCATALOG_COMPILER_GENERATE_SWIFT_ASSET_SYMBOL_EXTENSIONS = YES;
				CLANG_ANALYZER_NONNULL = YES;
				CLANG_ANALYZER_NUMBER_OBJECT_CONVERSION = YES_AGGRESSIVE;
				CLANG_CXX_LANGUAGE_STANDARD = "gnu++20";
				CLANG_ENABLE_MODULES = YES;
				CLANG_ENABLE_OBJC_ARC = YES;
				CLANG_ENABLE_OBJC_WEAK = YES;
				CLANG_WARN_BLOCK_CAPTURE_AUTORELEASING = YES;
				CLANG_WARN_BOOL_CONVERSION = YES;
				CLANG_WARN_COMMA = YES;
				CLANG_WARN_CONSTANT_CONVERSION = YES;
				CLANG_WARN_DEPRECATED_OBJC_IMPLEMENTATIONS = YES;
				CLANG_WARN_DIRECT_OBJC_ISA_USAGE = YES_ERROR;
				CLANG_WARN_DOCUMENTATION_COMMENTS = YES;
				CLANG_WARN_EMPTY_BODY = YES;
				CLANG_WARN_ENUM_CONVERSION = YES;
				CLANG_WARN_INFINITE_RECURSION = YES;
				CLANG_WARN_INT_CONVERSION = YES;
				CLANG_WARN_NON_LITERAL_NULL_CONVERSION = YES;
				CLANG_WARN_OBJC_IMPLICIT_RETAIN_SELF = YES;
				CLANG_WARN_OBJC_LITERAL_CONVERSION = YES;
				CLANG_WARN_OBJC_ROOT_CLASS = YES_ERROR;
				CLANG_WARN_QUOTED_INCLUDE_IN_FRAMEWORK_HEADER = YES;
				CLANG_WARN_RANGE_LOOP_ANALYSIS = YES;
				CLANG_WARN_STRICT_PROTOTYPES = YES;
				CLANG_WARN_SUSPICIOUS_MOVE = YES;
				CLANG_WARN_UNGUARDED_AVAILABILITY = YES_AGGRESSIVE;
				CLANG_WARN_UNREACHABLE_CODE = YES;
				CLANG_WARN__DUPLICATE_METHOD_MATCH = YES;
				COPY_PHASE_STRIP = NO;
				DEBUG_INFORMATION_FORMAT = dwarf;
				ENABLE_STRICT_OBJC_MSGSEND = YES;
				ENABLE_TESTABILITY = YES;
				ENABLE_USER_SCRIPT_SANDBOXING = YES;
				GCC_C_LANGUAGE_STANDARD = gnu17;
				GCC_DYNAMIC_NO_PIC = NO;
				GCC_NO_COMMON_BLOCKS = YES;
				GCC_OPTIMIZATION_LEVEL = 0;
				GCC_PREPROCESSOR_DEFINITIONS = (
					"DEBUG=1",
					"$(inherited)",
				);
				GCC_WARN_64_TO_32_BIT_CONVERSION = YES;
				GCC_WARN_ABOUT_RETURN_TYPE = YES_ERROR;
				GCC_WARN_UNDECLARED_SELECTOR = YES;
				GCC_WARN_UNINITIALIZED_AUTOS = YES_AGGRESSIVE;
				GCC_WARN_UNUSED_FUNCTION = YES;
				GCC_WARN_UNUSED_VARIABLE = YES;
				IPHONEOS_DEPLOYMENT_TARGET = 17.0;
				LOCALIZATION_PREFERS_STRING_CATALOGS = YES;
				MTL_ENABLE_DEBUG_INFO = INCLUDE_SOURCE;
				MTL_FAST_MATH = YES;
				ONLY_ACTIVE_ARCH = YES;
				SDKROOT = iphoneos;
				SWIFT_ACTIVE_COMPILATION_CONDITIONS = "DEBUG $(inherited)";
				SWIFT_OPTIMIZATION_LEVEL = "-Onone";
			};
			name = Debug;
		};
		53CAA75B2A68A2890004548B /* Release */ = {
			isa = XCBuildConfiguration;
			buildSettings = {
				ALWAYS_SEARCH_USER_PATHS = NO;
				ASSETCATALOG_COMPILER_GENERATE_SWIFT_ASSET_SYMBOL_EXTENSIONS = YES;
				CLANG_ANALYZER_NONNULL = YES;
				CLANG_ANALYZER_NUMBER_OBJECT_CONVERSION = YES_AGGRESSIVE;
				CLANG_CXX_LANGUAGE_STANDARD = "gnu++20";
				CLANG_ENABLE_MODULES = YES;
				CLANG_ENABLE_OBJC_ARC = YES;
				CLANG_ENABLE_OBJC_WEAK = YES;
				CLANG_WARN_BLOCK_CAPTURE_AUTORELEASING = YES;
				CLANG_WARN_BOOL_CONVERSION = YES;
				CLANG_WARN_COMMA = YES;
				CLANG_WARN_CONSTANT_CONVERSION = YES;
				CLANG_WARN_DEPRECATED_OBJC_IMPLEMENTATIONS = YES;
				CLANG_WARN_DIRECT_OBJC_ISA_USAGE = YES_ERROR;
				CLANG_WARN_DOCUMENTATION_COMMENTS = YES;
				CLANG_WARN_EMPTY_BODY = YES;
				CLANG_WARN_ENUM_CONVERSION = YES;
				CLANG_WARN_INFINITE_RECURSION = YES;
				CLANG_WARN_INT_CONVERSION = YES;
				CLANG_WARN_NON_LITERAL_NULL_CONVERSION = YES;
				CLANG_WARN_OBJC_IMPLICIT_RETAIN_SELF = YES;
				CLANG_WARN_OBJC_LITERAL_CONVERSION = YES;
				CLANG_WARN_OBJC_ROOT_CLASS = YES_ERROR;
				CLANG_WARN_QUOTED_INCLUDE_IN_FRAMEWORK_HEADER = YES;
				CLANG_WARN_RANGE_LOOP_ANALYSIS = YES;
				CLANG_WARN_STRICT_PROTOTYPES = YES;
				CLANG_WARN_SUSPICIOUS_MOVE = YES;
				CLANG_WARN_UNGUARDED_AVAILABILITY = YES_AGGRESSIVE;
				CLANG_WARN_UNREACHABLE_CODE = YES;
				CLANG_WARN__DUPLICATE_METHOD_MATCH = YES;
				COPY_PHASE_STRIP = NO;
				DEBUG_INFORMATION_FORMAT = "dwarf-with-dsym";
				ENABLE_NS_ASSERTIONS = NO;
				ENABLE_STRICT_OBJC_MSGSEND = YES;
				ENABLE_USER_SCRIPT_SANDBOXING = YES;
				GCC_C_LANGUAGE_STANDARD = gnu17;
				GCC_NO_COMMON_BLOCKS = YES;
				GCC_WARN_64_TO_32_BIT_CONVERSION = YES;
				GCC_WARN_ABOUT_RETURN_TYPE = YES_ERROR;
				GCC_WARN_UNDECLARED_SELECTOR = YES;
				GCC_WARN_UNINITIALIZED_AUTOS = YES_AGGRESSIVE;
				GCC_WARN_UNUSED_FUNCTION = YES;
				GCC_WARN_UNUSED_VARIABLE = YES;
				IPHONEOS_DEPLOYMENT_TARGET = 17.0;
				LOCALIZATION_PREFERS_STRING_CATALOGS = YES;
				MTL_ENABLE_DEBUG_INFO = NO;
				MTL_FAST_MATH = YES;
				SDKROOT = iphoneos;
				SWIFT_COMPILATION_MODE = wholemodule;
				VALIDATE_PRODUCT = YES;
			};
			name = Release;
		};
		53CAA75D2A68A2890004548B /* Debug */ = {
			isa = XCBuildConfiguration;
			baseConfigurationReference = 0A053825EFADDC5A827284C2 /* Pods-Stocks.debug.xcconfig */;
			buildSettings = {
				ASSETCATALOG_COMPILER_APPICON_NAME = AppIcon;
				ASSETCATALOG_COMPILER_GLOBAL_ACCENT_COLOR_NAME = AccentColor;
				CODE_SIGN_STYLE = Automatic;
				CURRENT_PROJECT_VERSION = 1;
				DEVELOPMENT_TEAM = 2M873KLKXJ;
				ENABLE_USER_SCRIPT_SANDBOXING = NO;
				GENERATE_INFOPLIST_FILE = YES;
				INFOPLIST_FILE = Stocks/Info.plist;
				INFOPLIST_KEY_CFBundleDisplayName = Stocks;
				INFOPLIST_KEY_UIApplicationSupportsIndirectInputEvents = YES;
				INFOPLIST_KEY_UILaunchStoryboardName = LaunchScreen;
				INFOPLIST_KEY_UIMainStoryboardFile = "";
				INFOPLIST_KEY_UISupportedInterfaceOrientations = UIInterfaceOrientationPortrait;
				INFOPLIST_KEY_UISupportedInterfaceOrientations_iPad = "UIInterfaceOrientationLandscapeLeft UIInterfaceOrientationLandscapeRight UIInterfaceOrientationPortrait UIInterfaceOrientationPortraitUpsideDown";
				IPHONEOS_DEPLOYMENT_TARGET = 16.0;
				LD_RUNPATH_SEARCH_PATHS = (
					"$(inherited)",
					"@executable_path/Frameworks",
				);
				MARKETING_VERSION = 1.0;
				PRODUCT_BUNDLE_IDENTIFIER = com.oguzhanvarsak.Stocks;
				PRODUCT_NAME = "$(TARGET_NAME)";
				SWIFT_EMIT_LOC_STRINGS = YES;
				SWIFT_VERSION = 5.0;
				TARGETED_DEVICE_FAMILY = "1,2";
			};
			name = Debug;
		};
		53CAA75E2A68A2890004548B /* Release */ = {
			isa = XCBuildConfiguration;
			baseConfigurationReference = 5EC71BF935FDAB2EEF92D0FE /* Pods-Stocks.release.xcconfig */;
			buildSettings = {
				ASSETCATALOG_COMPILER_APPICON_NAME = AppIcon;
				ASSETCATALOG_COMPILER_GLOBAL_ACCENT_COLOR_NAME = AccentColor;
				CODE_SIGN_STYLE = Automatic;
				CURRENT_PROJECT_VERSION = 1;
				DEVELOPMENT_TEAM = 2M873KLKXJ;
				ENABLE_USER_SCRIPT_SANDBOXING = NO;
				GENERATE_INFOPLIST_FILE = YES;
				INFOPLIST_FILE = Stocks/Info.plist;
				INFOPLIST_KEY_CFBundleDisplayName = Stocks;
				INFOPLIST_KEY_UIApplicationSupportsIndirectInputEvents = YES;
				INFOPLIST_KEY_UILaunchStoryboardName = LaunchScreen;
				INFOPLIST_KEY_UIMainStoryboardFile = "";
				INFOPLIST_KEY_UISupportedInterfaceOrientations = UIInterfaceOrientationPortrait;
				INFOPLIST_KEY_UISupportedInterfaceOrientations_iPad = "UIInterfaceOrientationLandscapeLeft UIInterfaceOrientationLandscapeRight UIInterfaceOrientationPortrait UIInterfaceOrientationPortraitUpsideDown";
				IPHONEOS_DEPLOYMENT_TARGET = 16.0;
				LD_RUNPATH_SEARCH_PATHS = (
					"$(inherited)",
					"@executable_path/Frameworks",
				);
				MARKETING_VERSION = 1.0;
				PRODUCT_BUNDLE_IDENTIFIER = com.oguzhanvarsak.Stocks;
				PRODUCT_NAME = "$(TARGET_NAME)";
				SWIFT_EMIT_LOC_STRINGS = YES;
				SWIFT_VERSION = 5.0;
				TARGETED_DEVICE_FAMILY = "1,2";
			};
			name = Release;
		};
		53CAA7602A68A2890004548B /* Debug */ = {
			isa = XCBuildConfiguration;
			baseConfigurationReference = 8FE9E827E00FD3B32C01A690 /* Pods-StocksTests.debug.xcconfig */;
			buildSettings = {
				ALWAYS_EMBED_SWIFT_STANDARD_LIBRARIES = YES;
				BUNDLE_LOADER = "$(TEST_HOST)";
				CODE_SIGN_STYLE = Automatic;
				CURRENT_PROJECT_VERSION = 1;
				DEVELOPMENT_TEAM = 2M873KLKXJ;
				GENERATE_INFOPLIST_FILE = YES;
				IPHONEOS_DEPLOYMENT_TARGET = 17.0;
				MARKETING_VERSION = 1.0;
				PRODUCT_BUNDLE_IDENTIFIER = com.oguzhanvarsak.StocksTests;
				PRODUCT_NAME = "$(TARGET_NAME)";
				SWIFT_EMIT_LOC_STRINGS = NO;
				SWIFT_VERSION = 5.0;
				TARGETED_DEVICE_FAMILY = "1,2";
				TEST_HOST = "$(BUILT_PRODUCTS_DIR)/Stocks.app/$(BUNDLE_EXECUTABLE_FOLDER_PATH)/Stocks";
			};
			name = Debug;
		};
		53CAA7612A68A2890004548B /* Release */ = {
			isa = XCBuildConfiguration;
			baseConfigurationReference = BF307495F83063B1B0495193 /* Pods-StocksTests.release.xcconfig */;
			buildSettings = {
				ALWAYS_EMBED_SWIFT_STANDARD_LIBRARIES = YES;
				BUNDLE_LOADER = "$(TEST_HOST)";
				CODE_SIGN_STYLE = Automatic;
				CURRENT_PROJECT_VERSION = 1;
				DEVELOPMENT_TEAM = 2M873KLKXJ;
				GENERATE_INFOPLIST_FILE = YES;
				IPHONEOS_DEPLOYMENT_TARGET = 17.0;
				MARKETING_VERSION = 1.0;
				PRODUCT_BUNDLE_IDENTIFIER = com.oguzhanvarsak.StocksTests;
				PRODUCT_NAME = "$(TARGET_NAME)";
				SWIFT_EMIT_LOC_STRINGS = NO;
				SWIFT_VERSION = 5.0;
				TARGETED_DEVICE_FAMILY = "1,2";
				TEST_HOST = "$(BUILT_PRODUCTS_DIR)/Stocks.app/$(BUNDLE_EXECUTABLE_FOLDER_PATH)/Stocks";
			};
			name = Release;
		};
		53CAA7632A68A2890004548B /* Debug */ = {
			isa = XCBuildConfiguration;
			baseConfigurationReference = 9C0F5A49C78BE2611A014923 /* Pods-Stocks-StocksUITests.debug.xcconfig */;
			buildSettings = {
				ALWAYS_EMBED_SWIFT_STANDARD_LIBRARIES = YES;
				CODE_SIGN_STYLE = Automatic;
				CURRENT_PROJECT_VERSION = 1;
				DEVELOPMENT_TEAM = 2M873KLKXJ;
				GENERATE_INFOPLIST_FILE = YES;
				MARKETING_VERSION = 1.0;
				PRODUCT_BUNDLE_IDENTIFIER = com.oguzhanvarsak.StocksUITests;
				PRODUCT_NAME = "$(TARGET_NAME)";
				SWIFT_EMIT_LOC_STRINGS = NO;
				SWIFT_VERSION = 5.0;
				TARGETED_DEVICE_FAMILY = "1,2";
				TEST_TARGET_NAME = Stocks;
			};
			name = Debug;
		};
		53CAA7642A68A2890004548B /* Release */ = {
			isa = XCBuildConfiguration;
			baseConfigurationReference = 72DE8527DB3D637973C0385E /* Pods-Stocks-StocksUITests.release.xcconfig */;
			buildSettings = {
				ALWAYS_EMBED_SWIFT_STANDARD_LIBRARIES = YES;
				CODE_SIGN_STYLE = Automatic;
				CURRENT_PROJECT_VERSION = 1;
				DEVELOPMENT_TEAM = 2M873KLKXJ;
				GENERATE_INFOPLIST_FILE = YES;
				MARKETING_VERSION = 1.0;
				PRODUCT_BUNDLE_IDENTIFIER = com.oguzhanvarsak.StocksUITests;
				PRODUCT_NAME = "$(TARGET_NAME)";
				SWIFT_EMIT_LOC_STRINGS = NO;
				SWIFT_VERSION = 5.0;
				TARGETED_DEVICE_FAMILY = "1,2";
				TEST_TARGET_NAME = Stocks;
			};
			name = Release;
		};
/* End XCBuildConfiguration section */

/* Begin XCConfigurationList section */
		53CAA72A2A68A2860004548B /* Build configuration list for PBXProject "Stocks" */ = {
			isa = XCConfigurationList;
			buildConfigurations = (
				53CAA75A2A68A2890004548B /* Debug */,
				53CAA75B2A68A2890004548B /* Release */,
			);
			defaultConfigurationIsVisible = 0;
			defaultConfigurationName = Release;
		};
		53CAA75C2A68A2890004548B /* Build configuration list for PBXNativeTarget "Stocks" */ = {
			isa = XCConfigurationList;
			buildConfigurations = (
				53CAA75D2A68A2890004548B /* Debug */,
				53CAA75E2A68A2890004548B /* Release */,
			);
			defaultConfigurationIsVisible = 0;
			defaultConfigurationName = Release;
		};
		53CAA75F2A68A2890004548B /* Build configuration list for PBXNativeTarget "StocksTests" */ = {
			isa = XCConfigurationList;
			buildConfigurations = (
				53CAA7602A68A2890004548B /* Debug */,
				53CAA7612A68A2890004548B /* Release */,
			);
			defaultConfigurationIsVisible = 0;
			defaultConfigurationName = Release;
		};
		53CAA7622A68A2890004548B /* Build configuration list for PBXNativeTarget "StocksUITests" */ = {
			isa = XCConfigurationList;
			buildConfigurations = (
				53CAA7632A68A2890004548B /* Debug */,
				53CAA7642A68A2890004548B /* Release */,
			);
			defaultConfigurationIsVisible = 0;
			defaultConfigurationName = Release;
		};
/* End XCConfigurationList section */

/* Begin XCVersionGroup section */
		53CAA73B2A68A2860004548B /* Stocks.xcdatamodeld */ = {
			isa = XCVersionGroup;
			children = (
				53CAA73C2A68A2860004548B /* Stocks.xcdatamodel */,
			);
			currentVersion = 53CAA73C2A68A2860004548B /* Stocks.xcdatamodel */;
			path = Stocks.xcdatamodeld;
			sourceTree = "<group>";
			versionGroupType = wrapper.xcdatamodel;
		};
/* End XCVersionGroup section */
	};
	rootObject = 53CAA7272A68A2860004548B /* Project object */;
}
